// !$*UTF8*$!
{
	archiveVersion = 1;
	classes = {
	};
	objectVersion = 46;
	objects = {

/* Begin PBXBuildFile section */
		9309E6411BA4636800457576 /* AppDelegate.swift in Sources */ = {isa = PBXBuildFile; fileRef = 9309E6401BA4636800457576 /* AppDelegate.swift */; };
		9309E6431BA4636800457576 /* ViewController.swift in Sources */ = {isa = PBXBuildFile; fileRef = 9309E6421BA4636800457576 /* ViewController.swift */; };
		9309E6461BA4636800457576 /* Main.storyboard in Resources */ = {isa = PBXBuildFile; fileRef = 9309E6441BA4636800457576 /* Main.storyboard */; };
		9309E6481BA4636800457576 /* Images.xcassets in Resources */ = {isa = PBXBuildFile; fileRef = 9309E6471BA4636800457576 /* Images.xcassets */; };
		9309E64B1BA4636800457576 /* LaunchScreen.xib in Resources */ = {isa = PBXBuildFile; fileRef = 9309E6491BA4636800457576 /* LaunchScreen.xib */; };
		9309E6571BA4636800457576 /* Bouldering_TicketsTests.swift in Sources */ = {isa = PBXBuildFile; fileRef = 9309E6561BA4636800457576 /* Bouldering_TicketsTests.swift */; };
		93251FB31BA5AF83002A766F /* UserInfo.swift in Sources */ = {isa = PBXBuildFile; fileRef = 93251FB21BA5AF83002A766F /* UserInfo.swift */; };
		93251FB41BA5AF83002A766F /* UserInfo.swift in Sources */ = {isa = PBXBuildFile; fileRef = 93251FB21BA5AF83002A766F /* UserInfo.swift */; };
		93251FB61BA5B497002A766F /* UserTableViewCell.swift in Sources */ = {isa = PBXBuildFile; fileRef = 93251FB51BA5B497002A766F /* UserTableViewCell.swift */; };
		93251FB71BA5B497002A766F /* UserTableViewCell.swift in Sources */ = {isa = PBXBuildFile; fileRef = 93251FB51BA5B497002A766F /* UserTableViewCell.swift */; };
/* End PBXBuildFile section */

/* Begin PBXContainerItemProxy section */
		9309E6511BA4636800457576 /* PBXContainerItemProxy */ = {
			isa = PBXContainerItemProxy;
			containerPortal = 9309E6331BA4636800457576 /* Project object */;
			proxyType = 1;
			remoteGlobalIDString = 9309E63A1BA4636800457576;
			remoteInfo = "Bouldering Tickets";
		};
/* End PBXContainerItemProxy section */

/* Begin PBXFileReference section */
		9309E63B1BA4636800457576 /* Bouldering Tickets.app */ = {isa = PBXFileReference; explicitFileType = wrapper.application; includeInIndex = 0; path = "Bouldering Tickets.app"; sourceTree = BUILT_PRODUCTS_DIR; };
		9309E63F1BA4636800457576 /* Info.plist */ = {isa = PBXFileReference; lastKnownFileType = text.plist.xml; path = Info.plist; sourceTree = "<group>"; };
		9309E6401BA4636800457576 /* AppDelegate.swift */ = {isa = PBXFileReference; lastKnownFileType = sourcecode.swift; path = AppDelegate.swift; sourceTree = "<group>"; };
		9309E6421BA4636800457576 /* ViewController.swift */ = {isa = PBXFileReference; lastKnownFileType = sourcecode.swift; path = ViewController.swift; sourceTree = "<group>"; };
		9309E6451BA4636800457576 /* Base */ = {isa = PBXFileReference; lastKnownFileType = file.storyboard; name = Base; path = Base.lproj/Main.storyboard; sourceTree = "<group>"; };
		9309E6471BA4636800457576 /* Images.xcassets */ = {isa = PBXFileReference; lastKnownFileType = folder.assetcatalog; path = Images.xcassets; sourceTree = "<group>"; };
		9309E64A1BA4636800457576 /* Base */ = {isa = PBXFileReference; lastKnownFileType = file.xib; name = Base; path = Base.lproj/LaunchScreen.xib; sourceTree = "<group>"; };
		9309E6501BA4636800457576 /* Bouldering TicketsTests.xctest */ = {isa = PBXFileReference; explicitFileType = wrapper.cfbundle; includeInIndex = 0; path = "Bouldering TicketsTests.xctest"; sourceTree = BUILT_PRODUCTS_DIR; };
		9309E6551BA4636800457576 /* Info.plist */ = {isa = PBXFileReference; lastKnownFileType = text.plist.xml; path = Info.plist; sourceTree = "<group>"; };
		9309E6561BA4636800457576 /* Bouldering_TicketsTests.swift */ = {isa = PBXFileReference; lastKnownFileType = sourcecode.swift; path = Bouldering_TicketsTests.swift; sourceTree = "<group>"; };
		93251FB21BA5AF83002A766F /* UserInfo.swift */ = {isa = PBXFileReference; fileEncoding = 4; lastKnownFileType = sourcecode.swift; path = UserInfo.swift; sourceTree = "<group>"; };
		93251FB51BA5B497002A766F /* UserTableViewCell.swift */ = {isa = PBXFileReference; fileEncoding = 4; lastKnownFileType = sourcecode.swift; path = UserTableViewCell.swift; sourceTree = "<group>"; };
/* End PBXFileReference section */

/* Begin PBXFrameworksBuildPhase section */
		9309E6381BA4636800457576 /* Frameworks */ = {
			isa = PBXFrameworksBuildPhase;
			buildActionMask = 2147483647;
			files = (
			);
			runOnlyForDeploymentPostprocessing = 0;
		};
		9309E64D1BA4636800457576 /* Frameworks */ = {
			isa = PBXFrameworksBuildPhase;
			buildActionMask = 2147483647;
			files = (
			);
			runOnlyForDeploymentPostprocessing = 0;
		};
/* End PBXFrameworksBuildPhase section */

/* Begin PBXGroup section */
		9309E6321BA4636800457576 = {
			isa = PBXGroup;
			children = (
				9309E63D1BA4636800457576 /* Bouldering Tickets */,
				9309E6531BA4636800457576 /* Bouldering TicketsTests */,
				9309E63C1BA4636800457576 /* Products */,
			);
			sourceTree = "<group>";
		};
		9309E63C1BA4636800457576 /* Products */ = {
			isa = PBXGroup;
			children = (
				9309E63B1BA4636800457576 /* Bouldering Tickets.app */,
				9309E6501BA4636800457576 /* Bouldering TicketsTests.xctest */,
			);
			name = Products;
			sourceTree = "<group>";
		};
		9309E63D1BA4636800457576 /* Bouldering Tickets */ = {
			isa = PBXGroup;
			children = (
				9309E6401BA4636800457576 /* AppDelegate.swift */,
				9309E6421BA4636800457576 /* ViewController.swift */,
				93251FB21BA5AF83002A766F /* UserInfo.swift */,
				9309E6441BA4636800457576 /* Main.storyboard */,
				93251FB51BA5B497002A766F /* UserTableViewCell.swift */,
				9309E6471BA4636800457576 /* Images.xcassets */,
				9309E6491BA4636800457576 /* LaunchScreen.xib */,
				9309E63E1BA4636800457576 /* Supporting Files */,
			);
			path = "Bouldering Tickets";
			sourceTree = "<group>";
		};
		9309E63E1BA4636800457576 /* Supporting Files */ = {
			isa = PBXGroup;
			children = (
				9309E63F1BA4636800457576 /* Info.plist */,
			);
			name = "Supporting Files";
			sourceTree = "<group>";
		};
		9309E6531BA4636800457576 /* Bouldering TicketsTests */ = {
			isa = PBXGroup;
			children = (
				9309E6561BA4636800457576 /* Bouldering_TicketsTests.swift */,
				9309E6541BA4636800457576 /* Supporting Files */,
			);
			path = "Bouldering TicketsTests";
			sourceTree = "<group>";
		};
		9309E6541BA4636800457576 /* Supporting Files */ = {
			isa = PBXGroup;
			children = (
				9309E6551BA4636800457576 /* Info.plist */,
			);
			name = "Supporting Files";
			sourceTree = "<group>";
		};
/* End PBXGroup section */

/* Begin PBXNativeTarget section */
		9309E63A1BA4636800457576 /* Bouldering Tickets */ = {
			isa = PBXNativeTarget;
			buildConfigurationList = 9309E65A1BA4636800457576 /* Build configuration list for PBXNativeTarget "Bouldering Tickets" */;
			buildPhases = (
				9309E6371BA4636800457576 /* Sources */,
				9309E6381BA4636800457576 /* Frameworks */,
				9309E6391BA4636800457576 /* Resources */,
			);
			buildRules = (
			);
			dependencies = (
			);
			name = "Bouldering Tickets";
			productName = "Bouldering Tickets";
			productReference = 9309E63B1BA4636800457576 /* Bouldering Tickets.app */;
			productType = "com.apple.product-type.application";
		};
		9309E64F1BA4636800457576 /* Bouldering TicketsTests */ = {
			isa = PBXNativeTarget;
			buildConfigurationList = 9309E65D1BA4636800457576 /* Build configuration list for PBXNativeTarget "Bouldering TicketsTests" */;
			buildPhases = (
				9309E64C1BA4636800457576 /* Sources */,
				9309E64D1BA4636800457576 /* Frameworks */,
				9309E64E1BA4636800457576 /* Resources */,
			);
			buildRules = (
			);
			dependencies = (
				9309E6521BA4636800457576 /* PBXTargetDependency */,
			);
			name = "Bouldering TicketsTests";
			productName = "Bouldering TicketsTests";
			productReference = 9309E6501BA4636800457576 /* Bouldering TicketsTests.xctest */;
			productType = "com.apple.product-type.bundle.unit-test";
		};
/* End PBXNativeTarget section */

/* Begin PBXProject section */
		9309E6331BA4636800457576 /* Project object */ = {
			isa = PBXProject;
			attributes = {
				LastUpgradeCheck = 0640;
				ORGANIZATIONNAME = "Sergey Pisarchik";
				TargetAttributes = {
					9309E63A1BA4636800457576 = {
						CreatedOnToolsVersion = 6.4;
					};
					9309E64F1BA4636800457576 = {
						CreatedOnToolsVersion = 6.4;
						TestTargetID = 9309E63A1BA4636800457576;
					};
				};
			};
			buildConfigurationList = 9309E6361BA4636800457576 /* Build configuration list for PBXProject "Bouldering Tickets" */;
			compatibilityVersion = "Xcode 3.2";
			developmentRegion = English;
			hasScannedForEncodings = 0;
			knownRegions = (
				en,
				Base,
			);
			mainGroup = 9309E6321BA4636800457576;
			productRefGroup = 9309E63C1BA4636800457576 /* Products */;
			projectDirPath = "";
			projectRoot = "";
			targets = (
				9309E63A1BA4636800457576 /* Bouldering Tickets */,
				9309E64F1BA4636800457576 /* Bouldering TicketsTests */,
			);
		};
/* End PBXProject section */

/* Begin PBXResourcesBuildPhase section */
		9309E6391BA4636800457576 /* Resources */ = {
			isa = PBXResourcesBuildPhase;
			buildActionMask = 2147483647;
			files = (
				9309E6461BA4636800457576 /* Main.storyboard in Resources */,
				9309E64B1BA4636800457576 /* LaunchScreen.xib in Resources */,
				9309E6481BA4636800457576 /* Images.xcassets in Resources */,
			);
			runOnlyForDeploymentPostprocessing = 0;
		};
		9309E64E1BA4636800457576 /* Resources */ = {
			isa = PBXResourcesBuildPhase;
			buildActionMask = 2147483647;
			files = (
			);
			runOnlyForDeploymentPostprocessing = 0;
		};
/* End PBXResourcesBuildPhase section */

/* Begin PBXSourcesBuildPhase section */
		9309E6371BA4636800457576 /* Sources */ = {
			isa = PBXSourcesBuildPhase;
			buildActionMask = 2147483647;
			files = (
				93251FB61BA5B497002A766F /* UserTableViewCell.swift in Sources */,
				9309E6431BA4636800457576 /* ViewController.swift in Sources */,
				93251FB31BA5AF83002A766F /* UserInfo.swift in Sources */,
				9309E6411BA4636800457576 /* AppDelegate.swift in Sources */,
			);
			runOnlyForDeploymentPostprocessing = 0;
		};
		9309E64C1BA4636800457576 /* Sources */ = {
			isa = PBXSourcesBuildPhase;
			buildActionMask = 2147483647;
			files = (
				93251FB41BA5AF83002A766F /* UserInfo.swift in Sources */,
				93251FB71BA5B497002A766F /* UserTableViewCell.swift in Sources */,
				9309E6571BA4636800457576 /* Bouldering_TicketsTests.swift in Sources */,
			);
			runOnlyForDeploymentPostprocessing = 0;
		};
/* End PBXSourcesBuildPhase section */

/* Begin PBXTargetDependency section */
		9309E6521BA4636800457576 /* PBXTargetDependency */ = {
			isa = PBXTargetDependency;
			target = 9309E63A1BA4636800457576 /* Bouldering Tickets */;
			targetProxy = 9309E6511BA4636800457576 /* PBXContainerItemProxy */;
		};
/* End PBXTargetDependency section */

/* Begin PBXVariantGroup section */
		9309E6441BA4636800457576 /* Main.storyboard */ = {
			isa = PBXVariantGroup;
			children = (
				9309E6451BA4636800457576 /* Base */,
			);
			name = Main.storyboard;
			sourceTree = "<group>";
		};
		9309E6491BA4636800457576 /* LaunchScreen.xib */ = {
			isa = PBXVariantGroup;
			children = (
				9309E64A1BA4636800457576 /* Base */,
			);
			name = LaunchScreen.xib;
			sourceTree = "<group>";
		};
/* End PBXVariantGroup section */

/* Begin XCBuildConfiguration section */
		9309E6581BA4636800457576 /* Debug */ = {
			isa = XCBuildConfiguration;
			buildSettings = {
				ALWAYS_SEARCH_USER_PATHS = NO;
				CLANG_CXX_LANGUAGE_STANDARD = "gnu++0x";
				CLANG_CXX_LIBRARY = "libc++";
				CLANG_ENABLE_MODULES = YES;
				CLANG_ENABLE_OBJC_ARC = YES;
				CLANG_WARN_BOOL_CONVERSION = YES;
				CLANG_WARN_CONSTANT_CONVERSION = YES;
				CLANG_WARN_DIRECT_OBJC_ISA_USAGE = YES_ERROR;
				CLANG_WARN_EMPTY_BODY = YES;
				CLANG_WARN_ENUM_CONVERSION = YES;
				CLANG_WARN_INT_CONVERSION = YES;
				CLANG_WARN_OBJC_ROOT_CLASS = YES_ERROR;
				CLANG_WARN_UNREACHABLE_CODE = YES;
				CLANG_WARN__DUPLICATE_METHOD_MATCH = YES;
				"CODE_SIGN_IDENTITY[sdk=iphoneos*]" = "iPhone Developer";
				COPY_PHASE_STRIP = NO;
				DEBUG_INFORMATION_FORMAT = "dwarf-with-dsym";
				ENABLE_STRICT_OBJC_MSGSEND = YES;
				GCC_C_LANGUAGE_STANDARD = gnu99;
				GCC_DYNAMIC_NO_PIC = NO;
				GCC_NO_COMMON_BLOCKS = YES;
				GCC_OPTIMIZATION_LEVEL = 0;
				GCC_PREPROCESSOR_DEFINITIONS = (
					"DEBUG=1",
					"$(inherited)",
				);
				GCC_SYMBOLS_PRIVATE_EXTERN = NO;
				GCC_WARN_64_TO_32_BIT_CONVERSION = YES;
				GCC_WARN_ABOUT_RETURN_TYPE = YES_ERROR;
				GCC_WARN_UNDECLARED_SELECTOR = YES;
				GCC_WARN_UNINITIALIZED_AUTOS = YES_AGGRESSIVE;
				GCC_WARN_UNUSED_FUNCTION = YES;
				GCC_WARN_UNUSED_VARIABLE = YES;
				IPHONEOS_DEPLOYMENT_TARGET = 8.4;
				MTL_ENABLE_DEBUG_INFO = YES;
				ONLY_ACTIVE_ARCH = YES;
				SDKROOT = iphoneos;
				SWIFT_OPTIMIZATION_LEVEL = "-Onone";
				TARGETED_DEVICE_FAMILY = "1,2";
			};
			name = Debug;
		};
		9309E6591BA4636800457576 /* Release */ = {
			isa = XCBuildConfiguration;
			buildSettings = {
				ALWAYS_SEARCH_USER_PATHS = NO;
				CLANG_CXX_LANGUAGE_STANDARD = "gnu++0x";
				CLANG_CXX_LIBRARY = "libc++";
				CLANG_ENABLE_MODULES = YES;
				CLANG_ENABLE_OBJC_ARC = YES;
				CLANG_WARN_BOOL_CONVERSION = YES;
				CLANG_WARN_CONSTANT_CONVERSION = YES;
				CLANG_WARN_DIRECT_OBJC_ISA_USAGE = YES_ERROR;
				CLANG_WARN_EMPTY_BODY = YES;
				CLANG_WARN_ENUM_CONVERSION = YES;
				CLANG_WARN_INT_CONVERSION = YES;
				CLANG_WARN_OBJC_ROOT_CLASS = YES_ERROR;
				CLANG_WARN_UNREACHABLE_CODE = YES;
				CLANG_WARN__DUPLICATE_METHOD_MATCH = YES;
				"CODE_SIGN_IDENTITY[sdk=iphoneos*]" = "iPhone Developer";
				COPY_PHASE_STRIP = NO;
				DEBUG_INFORMATION_FORMAT = "dwarf-with-dsym";
				ENABLE_NS_ASSERTIONS = NO;
				ENABLE_STRICT_OBJC_MSGSEND = YES;
				GCC_C_LANGUAGE_STANDARD = gnu99;
				GCC_NO_COMMON_BLOCKS = YES;
				GCC_WARN_64_TO_32_BIT_CONVERSION = YES;
				GCC_WARN_ABOUT_RETURN_TYPE = YES_ERROR;
				GCC_WARN_UNDECLARED_SELECTOR = YES;
				GCC_WARN_UNINITIALIZED_AUTOS = YES_AGGRESSIVE;
				GCC_WARN_UNUSED_FUNCTION = YES;
				GCC_WARN_UNUSED_VARIABLE = YES;
				IPHONEOS_DEPLOYMENT_TARGET = 8.4;
				MTL_ENABLE_DEBUG_INFO = NO;
				SDKROOT = iphoneos;
				TARGETED_DEVICE_FAMILY = "1,2";
				VALIDATE_PRODUCT = YES;
			};
			name = Release;
		};
		9309E65B1BA4636800457576 /* Debug */ = {
			isa = XCBuildConfiguration;
			buildSettings = {
				ASSETCATALOG_COMPILER_APPICON_NAME = AppIcon;
				INFOPLIST_FILE = "Bouldering Tickets/Info.plist";
				LD_RUNPATH_SEARCH_PATHS = "$(inherited) @executable_path/Frameworks";
				PRODUCT_NAME = "$(TARGET_NAME)";
			};
			name = Debug;
		};
		9309E65C1BA4636800457576 /* Release */ = {
			isa = XCBuildConfiguration;
			buildSettings = {
				ASSETCATALOG_COMPILER_APPICON_NAME = AppIcon;
				INFOPLIST_FILE = "Bouldering Tickets/Info.plist";
				LD_RUNPATH_SEARCH_PATHS = "$(inherited) @executable_path/Frameworks";
				PRODUCT_NAME = "$(TARGET_NAME)";
			};
			name = Release;
		};
		9309E65E1BA4636800457576 /* Debug */ = {
			isa = XCBuildConfiguration;
			buildSettings = {
				BUNDLE_LOADER = "$(TEST_HOST)";
				FRAMEWORK_SEARCH_PATHS = (
					"$(SDKROOT)/Developer/Library/Frameworks",
					"$(inherited)",
				);
				GCC_PREPROCESSOR_DEFINITIONS = (
					"DEBUG=1",
					"$(inherited)",
				);
				INFOPLIST_FILE = "Bouldering TicketsTests/Info.plist";
				LD_RUNPATH_SEARCH_PATHS = "$(inherited) @executable_path/Frameworks @loader_path/Frameworks";
				PRODUCT_NAME = "$(TARGET_NAME)";
				TEST_HOST = "$(BUILT_PRODUCTS_DIR)/Bouldering Tickets.app/Bouldering Tickets";
			};
			name = Debug;
		};
		9309E65F1BA4636800457576 /* Release */ = {
			isa = XCBuildConfiguration;
			buildSettings = {
				BUNDLE_LOADER = "$(TEST_HOST)";
				FRAMEWORK_SEARCH_PATHS = (
					"$(SDKROOT)/Developer/Library/Frameworks",
					"$(inherited)",
				);
				INFOPLIST_FILE = "Bouldering TicketsTests/Info.plist";
				LD_RUNPATH_SEARCH_PATHS = "$(inherited) @executable_path/Frameworks @loader_path/Frameworks";
				PRODUCT_NAME = "$(TARGET_NAME)";
				TEST_HOST = "$(BUILT_PRODUCTS_DIR)/Bouldering Tickets.app/Bouldering Tickets";
			};
			name = Release;
		};
/* End XCBuildConfiguration section */

/* Begin XCConfigurationList section */
		9309E6361BA4636800457576 /* Build configuration list for PBXProject "Bouldering Tickets" */ = {
			isa = XCConfigurationList;
			buildConfigurations = (
				9309E6581BA4636800457576 /* Debug */,
				9309E6591BA4636800457576 /* Release */,
			);
			defaultConfigurationIsVisible = 0;
			defaultConfigurationName = Release;
		};
		9309E65A1BA4636800457576 /* Build configuration list for PBXNativeTarget "Bouldering Tickets" */ = {
			isa = XCConfigurationList;
			buildConfigurations = (
				9309E65B1BA4636800457576 /* Debug */,
				9309E65C1BA4636800457576 /* Release */,
			);
			defaultConfigurationIsVisible = 0;
			defaultConfigurationName = Release;
		};
		9309E65D1BA4636800457576 /* Build configuration list for PBXNativeTarget "Bouldering TicketsTests" */ = {
			isa = XCConfigurationList;
			buildConfigurations = (
				9309E65E1BA4636800457576 /* Debug */,
				9309E65F1BA4636800457576 /* Release */,
			);
			defaultConfigurationIsVisible = 0;
			defaultConfigurationName = Release;
		};
/* End XCConfigurationList section */
	};
	rootObject = 9309E6331BA4636800457576 /* Project object */;
}
